{
  "version": 4,
  "terraform_version": "1.3.7",
  "serial": 261,
  "lineage": "f3dc445a-118c-84b1-a0ec-4de0165f4bfb",
  "outputs": {},
  "resources": [
    {
      "mode": "managed",
      "type": "aws_instance",
      "name": "main",
      "provider": "provider[\"registry.terraform.io/hashicorp/aws\"]",
      "instances": [
        {
          "index_key": "subnet_01",
          "schema_version": 1,
          "attributes": {
            "ami": "ami-0778521d914d23bc1",
            "arn": "arn:aws:ec2:us-east-1:705587906269:instance/i-07ad64bf5ad3408ae",
            "associate_public_ip_address": true,
            "availability_zone": "us-east-1a",
            "capacity_reservation_specification": [
              {
                "capacity_reservation_preference": "open",
                "capacity_reservation_target": []
              }
            ],
            "cpu_core_count": 1,
            "cpu_threads_per_core": 1,
            "credit_specification": [
              {
                "cpu_credits": "standard"
              }
            ],
            "disable_api_stop": false,
            "disable_api_termination": false,
            "ebs_block_device": [],
            "ebs_optimized": false,
            "enclave_options": [
              {
                "enabled": false
              }
            ],
            "ephemeral_block_device": [],
            "get_password_data": false,
            "hibernation": false,
            "host_id": "",
            "host_resource_group_arn": null,
            "iam_instance_profile": "",
            "id": "i-07ad64bf5ad3408ae",
            "instance_initiated_shutdown_behavior": "stop",
            "instance_state": "running",
            "instance_type": "t2.micro",
            "ipv6_address_count": 0,
            "ipv6_addresses": [],
            "key_name": "project-key",
            "launch_template": [],
            "maintenance_options": [
              {
                "auto_recovery": "default"
              }
            ],
            "metadata_options": [
              {
                "http_endpoint": "enabled",
                "http_put_response_hop_limit": 1,
                "http_tokens": "optional",
                "instance_metadata_tags": "disabled"
              }
            ],
            "monitoring": false,
            "network_interface": [],
            "outpost_arn": "",
            "password_data": "",
            "placement_group": "",
            "placement_partition_number": 0,
            "primary_network_interface_id": "eni-02276aa55c018c9c8",
            "private_dns": "ip-172-17-1-39.ec2.internal",
            "private_dns_name_options": [
              {
                "enable_resource_name_dns_a_record": false,
                "enable_resource_name_dns_aaaa_record": false,
                "hostname_type": "ip-name"
              }
            ],
            "private_ip": "172.17.1.39",
            "public_dns": "ec2-34-204-52-219.compute-1.amazonaws.com",
            "public_ip": "34.204.52.219",
            "root_block_device": [
              {
                "delete_on_termination": true,
                "device_name": "/dev/sda1",
                "encrypted": false,
                "iops": 100,
                "kms_key_id": "",
                "tags": {},
                "throughput": 0,
                "volume_id": "vol-0da40204ba1a5c3b5",
                "volume_size": 8,
                "volume_type": "gp2"
              }
            ],
            "secondary_private_ips": [],
            "security_groups": [],
            "source_dest_check": true,
            "subnet_id": "subnet-06ac195ddb627e2ae",
            "tags": {},
            "tags_all": {},
            "tenancy": "default",
            "timeouts": null,
            "user_data": null,
            "user_data_base64": null,
            "user_data_replace_on_change": false,
            "volume_tags": null,
            "vpc_security_group_ids": [
              "sg-0481ff0a0c2bae332"
            ]
          },
          "sensitive_attributes": [],
          "private": "eyJlMmJmYjczMC1lY2FhLTExZTYtOGY4OC0zNDM2M2JjN2M0YzAiOnsiY3JlYXRlIjo2MDAwMDAwMDAwMDAsImRlbGV0ZSI6MTIwMDAwMDAwMDAwMCwidXBkYXRlIjo2MDAwMDAwMDAwMDB9LCJzY2hlbWFfdmVyc2lvbiI6IjEifQ==",
          "dependencies": [
            "aws_security_group.alb_sg",
            "aws_security_group.instance_sg",
            "aws_subnet.subnets",
            "aws_vpc.main"
          ]
        },
        {
          "index_key": "subnet_02",
          "schema_version": 1,
          "attributes": {
            "ami": "ami-0778521d914d23bc1",
            "arn": "arn:aws:ec2:us-east-1:705587906269:instance/i-0bac30d46dc519ab8",
            "associate_public_ip_address": true,
            "availability_zone": "us-east-1b",
            "capacity_reservation_specification": [
              {
                "capacity_reservation_preference": "open",
                "capacity_reservation_target": []
              }
            ],
            "cpu_core_count": 1,
            "cpu_threads_per_core": 1,
            "credit_specification": [
              {
                "cpu_credits": "standard"
              }
            ],
            "disable_api_stop": false,
            "disable_api_termination": false,
            "ebs_block_device": [],
            "ebs_optimized": false,
            "enclave_options": [
              {
                "enabled": false
              }
            ],
            "ephemeral_block_device": [],
            "get_password_data": false,
            "hibernation": false,
            "host_id": "",
            "host_resource_group_arn": null,
            "iam_instance_profile": "",
            "id": "i-0bac30d46dc519ab8",
            "instance_initiated_shutdown_behavior": "stop",
            "instance_state": "running",
            "instance_type": "t2.micro",
            "ipv6_address_count": 0,
            "ipv6_addresses": [],
            "key_name": "project-key",
            "launch_template": [],
            "maintenance_options": [
              {
                "auto_recovery": "default"
              }
            ],
            "metadata_options": [
              {
                "http_endpoint": "enabled",
                "http_put_response_hop_limit": 1,
                "http_tokens": "optional",
                "instance_metadata_tags": "disabled"
              }
            ],
            "monitoring": false,
            "network_interface": [],
            "outpost_arn": "",
            "password_data": "",
            "placement_group": "",
            "placement_partition_number": 0,
            "primary_network_interface_id": "eni-091b8ce5605bf4fd6",
            "private_dns": "ip-172-17-2-26.ec2.internal",
            "private_dns_name_options": [
              {
                "enable_resource_name_dns_a_record": false,
                "enable_resource_name_dns_aaaa_record": false,
                "hostname_type": "ip-name"
              }
            ],
            "private_ip": "172.17.2.26",
            "public_dns": "ec2-54-86-119-76.compute-1.amazonaws.com",
            "public_ip": "54.86.119.76",
            "root_block_device": [
              {
                "delete_on_termination": true,
                "device_name": "/dev/sda1",
                "encrypted": false,
                "iops": 100,
                "kms_key_id": "",
                "tags": {},
                "throughput": 0,
                "volume_id": "vol-050669759e0546065",
                "volume_size": 8,
                "volume_type": "gp2"
              }
            ],
            "secondary_private_ips": [],
            "security_groups": [],
            "source_dest_check": true,
            "subnet_id": "subnet-0b83333167228b956",
            "tags": {},
            "tags_all": {},
            "tenancy": "default",
            "timeouts": null,
            "user_data": null,
            "user_data_base64": null,
            "user_data_replace_on_change": false,
            "volume_tags": null,
            "vpc_security_group_ids": [
              "sg-0481ff0a0c2bae332"
            ]
          },
          "sensitive_attributes": [],
          "private": "eyJlMmJmYjczMC1lY2FhLTExZTYtOGY4OC0zNDM2M2JjN2M0YzAiOnsiY3JlYXRlIjo2MDAwMDAwMDAwMDAsImRlbGV0ZSI6MTIwMDAwMDAwMDAwMCwidXBkYXRlIjo2MDAwMDAwMDAwMDB9LCJzY2hlbWFfdmVyc2lvbiI6IjEifQ==",
          "dependencies": [
            "aws_security_group.alb_sg",
            "aws_security_group.instance_sg",
            "aws_subnet.subnets",
            "aws_vpc.main"
          ]
        },
        {
          "index_key": "subnet_03",
          "schema_version": 1,
          "attributes": {
            "ami": "ami-0778521d914d23bc1",
            "arn": "arn:aws:ec2:us-east-1:705587906269:instance/i-094217b6b3cb09af2",
            "associate_public_ip_address": true,
            "availability_zone": "us-east-1c",
            "capacity_reservation_specification": [
              {
                "capacity_reservation_preference": "open",
                "capacity_reservation_target": []
              }
            ],
            "cpu_core_count": 1,
            "cpu_threads_per_core": 1,
            "credit_specification": [
              {
                "cpu_credits": "standard"
              }
            ],
            "disable_api_stop": false,
            "disable_api_termination": false,
            "ebs_block_device": [],
            "ebs_optimized": false,
            "enclave_options": [
              {
                "enabled": false
              }
            ],
            "ephemeral_block_device": [],
            "get_password_data": false,
            "hibernation": false,
            "host_id": "",
            "host_resource_group_arn": null,
            "iam_instance_profile": "",
            "id": "i-094217b6b3cb09af2",
            "instance_initiated_shutdown_behavior": "stop",
            "instance_state": "running",
            "instance_type": "t2.micro",
            "ipv6_address_count": 0,
            "ipv6_addresses": [],
            "key_name": "project-key",
            "launch_template": [],
            "maintenance_options": [
              {
                "auto_recovery": "default"
              }
            ],
            "metadata_options": [
              {
                "http_endpoint": "enabled",
                "http_put_response_hop_limit": 1,
                "http_tokens": "optional",
                "instance_metadata_tags": "disabled"
              }
            ],
            "monitoring": false,
            "network_interface": [],
            "outpost_arn": "",
            "password_data": "",
            "placement_group": "",
            "placement_partition_number": 0,
            "primary_network_interface_id": "eni-0cf720ef2d0c0f000",
            "private_dns": "ip-172-17-3-113.ec2.internal",
            "private_dns_name_options": [
              {
                "enable_resource_name_dns_a_record": false,
                "enable_resource_name_dns_aaaa_record": false,
                "hostname_type": "ip-name"
              }
            ],
            "private_ip": "172.17.3.113",
            "public_dns": "ec2-3-235-88-54.compute-1.amazonaws.com",
            "public_ip": "3.235.88.54",
            "root_block_device": [
              {
                "delete_on_termination": true,
                "device_name": "/dev/sda1",
                "encrypted": false,
                "iops": 100,
                "kms_key_id": "",
                "tags": {},
                "throughput": 0,
                "volume_id": "vol-0bfba9df6df0c349f",
                "volume_size": 8,
                "volume_type": "gp2"
              }
            ],
            "secondary_private_ips": [],
            "security_groups": [],
            "source_dest_check": true,
            "subnet_id": "subnet-0bb2229282ad946b2",
            "tags": {},
            "tags_all": {},
            "tenancy": "default",
            "timeouts": null,
            "user_data": null,
            "user_data_base64": null,
            "user_data_replace_on_change": false,
            "volume_tags": null,
            "vpc_security_group_ids": [
              "sg-0481ff0a0c2bae332"
            ]
          },
          "sensitive_attributes": [],
          "private": "eyJlMmJmYjczMC1lY2FhLTExZTYtOGY4OC0zNDM2M2JjN2M0YzAiOnsiY3JlYXRlIjo2MDAwMDAwMDAwMDAsImRlbGV0ZSI6MTIwMDAwMDAwMDAwMCwidXBkYXRlIjo2MDAwMDAwMDAwMDB9LCJzY2hlbWFfdmVyc2lvbiI6IjEifQ==",
          "dependencies": [
            "aws_security_group.alb_sg",
            "aws_security_group.instance_sg",
            "aws_subnet.subnets",
            "aws_vpc.main"
          ]
        }
      ]
    },
    {
      "mode": "managed",
      "type": "aws_internet_gateway",
      "name": "main",
      "provider": "provider[\"registry.terraform.io/hashicorp/aws\"]",
      "instances": [
        {
          "schema_version": 0,
          "attributes": {
            "arn": "arn:aws:ec2:us-east-1:705587906269:internet-gateway/igw-0d8391ec41c1f7cb1",
            "id": "igw-0d8391ec41c1f7cb1",
            "owner_id": "705587906269",
            "tags": {
              "Name": "project_igw"
            },
            "tags_all": {
              "Name": "project_igw"
            },
            "timeouts": null,
            "vpc_id": "vpc-01d458c189c911610"
          },
          "sensitive_attributes": [],
          "private": "eyJlMmJmYjczMC1lY2FhLTExZTYtOGY4OC0zNDM2M2JjN2M0YzAiOnsiY3JlYXRlIjoxMjAwMDAwMDAwMDAwLCJkZWxldGUiOjEyMDAwMDAwMDAwMDAsInVwZGF0ZSI6MTIwMDAwMDAwMDAwMH19",
          "dependencies": [
            "aws_vpc.main"
          ]
        }
      ]
    },
    {
      "mode": "managed",
      "type": "aws_key_pair",
      "name": "generated_key",
      "provider": "provider[\"registry.terraform.io/hashicorp/aws\"]",
      "instances": [
        {
          "schema_version": 1,
          "attributes": {
            "arn": "arn:aws:ec2:us-east-1:705587906269:key-pair/project-key",
            "fingerprint": "a1:e1:d8:7b:5c:3b:b8:a2:19:fe:92:46:50:cb:36:a7",
            "id": "project-key",
            "key_name": "project-key",
            "key_name_prefix": "",
            "key_pair_id": "key-0b9b39a7b7ff4093a",
            "key_type": "rsa",
            "public_key": "ssh-rsa AAAAB3NzaC1yc2EAAAADAQABAAACAQC9Q5FvqNcbIJjAVTh/BjsRIUN8+DywcBVNIrsSMQpjwFw1xCPSN3171Yf8IPZWZgbunxlD+T3/TQ9gnjoQ1r8NLdiW2RvTMHcvWHt8gI/cqdYQvBClTKizhcWBYJDUaqPqecTNWB/4T8OxPznVI6meTl6paYwsd/iXICNhKELrx6qrTa7o5oPii2sf33Tj/hLeOY9WMN1gnPO1sOSJBGh0FKSH4TuZsqP4Z8MyY5O8boOJiPDPzPqpjzkySQyKZrpw9ROJUxAuTjgURwsUXLlM9iAo/CUjQ/sWSaoHO4r01Zm391YjJ3N/ihdVFLa09WYB18dq62DcLh0eSdjIQMjHmKVSYLHeWyw/rhaGY/8l5pgmfe+em+C2zQdYMrRZsYlYiynurU3YTlKNkNNQK6/THbQkfRPgaWGZLABTBK1H8lMzQQZLxBDNmAfRu9cGL+988DNR52ztwIiKcPEUvi9bkfXQ4Phhfcqqj/Llwgnw4ll1GZWTdUhPwfKjClLqh6ryqDBL0ReuHyYzttBR/ynCt1vd3cubSvIbpHE89e8TcplG6mNJGcEZkHkF7nJvbOtazividKnnX6WjLajCXi5S9cMDRKg24HAxi+0AKVrH+oZzimgR7nQynT/321ijTdtfm2Y+nzexbwvQL3nayWOBNiZKaUQG/aSpWt03/QpouQ==",
            "tags": {},
            "tags_all": {}
          },
          "sensitive_attributes": [],
          "private": "eyJzY2hlbWFfdmVyc2lvbiI6IjEifQ==",
          "dependencies": [
            "tls_private_key.main"
          ]
        }
      ]
    },
    {
      "mode": "managed",
      "type": "aws_lb",
      "name": "main",
      "provider": "provider[\"registry.terraform.io/hashicorp/aws\"]",
      "instances": [
        {
          "schema_version": 0,
          "attributes": {
            "access_logs": [
              {
                "bucket": "",
                "enabled": false,
                "prefix": ""
              }
            ],
            "arn": "arn:aws:elasticloadbalancing:us-east-1:705587906269:loadbalancer/app/project-alb/9d687c41128ecf37",
            "arn_suffix": "app/project-alb/9d687c41128ecf37",
            "customer_owned_ipv4_pool": "",
            "desync_mitigation_mode": "defensive",
            "dns_name": "project-alb-1056534814.us-east-1.elb.amazonaws.com",
            "drop_invalid_header_fields": false,
            "enable_cross_zone_load_balancing": true,
            "enable_deletion_protection": false,
            "enable_http2": true,
            "enable_waf_fail_open": false,
            "id": "arn:aws:elasticloadbalancing:us-east-1:705587906269:loadbalancer/app/project-alb/9d687c41128ecf37",
            "idle_timeout": 60,
            "internal": false,
            "ip_address_type": "ipv4",
            "load_balancer_type": "application",
            "name": "project-alb",
            "name_prefix": null,
            "preserve_host_header": false,
            "security_groups": [
              "sg-071b5bfd6458e10e6"
            ],
            "subnet_mapping": [
              {
                "allocation_id": "",
                "ipv6_address": "",
                "outpost_id": "",
                "private_ipv4_address": "",
                "subnet_id": "subnet-06ac195ddb627e2ae"
              },
              {
                "allocation_id": "",
                "ipv6_address": "",
                "outpost_id": "",
                "private_ipv4_address": "",
                "subnet_id": "subnet-0b83333167228b956"
              },
              {
                "allocation_id": "",
                "ipv6_address": "",
                "outpost_id": "",
                "private_ipv4_address": "",
                "subnet_id": "subnet-0bb2229282ad946b2"
              }
            ],
            "subnets": [
              "subnet-06ac195ddb627e2ae",
              "subnet-0b83333167228b956",
              "subnet-0bb2229282ad946b2"
            ],
            "tags": {},
            "tags_all": {},
            "timeouts": null,
            "vpc_id": "vpc-01d458c189c911610",
            "zone_id": "Z35SXDOTRQ7X7K"
          },
          "sensitive_attributes": [],
          "private": "eyJlMmJmYjczMC1lY2FhLTExZTYtOGY4OC0zNDM2M2JjN2M0YzAiOnsiY3JlYXRlIjo2MDAwMDAwMDAwMDAsImRlbGV0ZSI6NjAwMDAwMDAwMDAwLCJ1cGRhdGUiOjYwMDAwMDAwMDAwMH19",
          "dependencies": [
            "aws_security_group.alb_sg",
            "aws_subnet.subnets",
            "aws_vpc.main"
          ]
        }
      ]
    },
    {
      "mode": "managed",
      "type": "aws_lb_listener",
      "name": "http",
      "provider": "provider[\"registry.terraform.io/hashicorp/aws\"]",
      "instances": [
        {
          "schema_version": 0,
          "attributes": {
            "alpn_policy": null,
            "arn": "arn:aws:elasticloadbalancing:us-east-1:705587906269:listener/app/project-alb/9d687c41128ecf37/edd43e979a5fcb9c",
            "certificate_arn": null,
            "default_action": [
              {
                "authenticate_cognito": [],
                "authenticate_oidc": [],
                "fixed_response": [],
                "forward": [],
                "order": 1,
                "redirect": [],
                "target_group_arn": "arn:aws:elasticloadbalancing:us-east-1:705587906269:targetgroup/project-tg/ce2da5758da08393",
                "type": "forward"
              }
            ],
            "id": "arn:aws:elasticloadbalancing:us-east-1:705587906269:listener/app/project-alb/9d687c41128ecf37/edd43e979a5fcb9c",
            "load_balancer_arn": "arn:aws:elasticloadbalancing:us-east-1:705587906269:loadbalancer/app/project-alb/9d687c41128ecf37",
            "port": 80,
            "protocol": "HTTP",
            "ssl_policy": "",
            "tags": {},
            "tags_all": {},
            "timeouts": null
          },
          "sensitive_attributes": [],
          "private": "eyJlMmJmYjczMC1lY2FhLTExZTYtOGY4OC0zNDM2M2JjN2M0YzAiOnsicmVhZCI6NjAwMDAwMDAwMDAwfX0=",
          "dependencies": [
            "aws_lb.main",
            "aws_lb_target_group.main",
            "aws_security_group.alb_sg",
            "aws_subnet.subnets",
            "aws_vpc.main"
          ]
        }
      ]
    },
    {
      "mode": "managed",
      "type": "aws_lb_target_group",
      "name": "main",
      "provider": "provider[\"registry.terraform.io/hashicorp/aws\"]",
      "instances": [
        {
          "schema_version": 0,
          "attributes": {
            "arn": "arn:aws:elasticloadbalancing:us-east-1:705587906269:targetgroup/project-tg/ce2da5758da08393",
            "arn_suffix": "targetgroup/project-tg/ce2da5758da08393",
            "connection_termination": false,
            "deregistration_delay": "300",
            "health_check": [
              {
                "enabled": true,
                "healthy_threshold": 3,
                "interval": 30,
                "matcher": "200-299",
                "path": "/",
                "port": "80",
                "protocol": "HTTP",
                "timeout": 5,
                "unhealthy_threshold": 3
              }
            ],
            "id": "arn:aws:elasticloadbalancing:us-east-1:705587906269:targetgroup/project-tg/ce2da5758da08393",
            "ip_address_type": "ipv4",
            "lambda_multi_value_headers_enabled": false,
            "load_balancing_algorithm_type": "round_robin",
            "name": "project-tg",
            "name_prefix": null,
            "port": 80,
            "preserve_client_ip": null,
            "protocol": "HTTP",
            "protocol_version": "HTTP1",
            "proxy_protocol_v2": false,
            "slow_start": 0,
            "stickiness": [
              {
                "cookie_duration": 86400,
                "cookie_name": "",
                "enabled": false,
                "type": "lb_cookie"
              }
            ],
            "tags": {},
            "tags_all": {},
            "target_failover": [
              {
                "on_deregistration": null,
                "on_unhealthy": null
              }
            ],
            "target_type": "instance",
            "vpc_id": "vpc-01d458c189c911610"
          },
          "sensitive_attributes": [],
          "private": "bnVsbA==",
          "dependencies": [
            "aws_vpc.main"
          ]
        }
      ]
    },
    {
      "mode": "managed",
      "type": "aws_lb_target_group_attachment",
      "name": "main",
      "provider": "provider[\"registry.terraform.io/hashicorp/aws\"]",
      "instances": [
        {
          "index_key": "subnet_01",
          "schema_version": 0,
          "attributes": {
            "availability_zone": null,
            "id": "arn:aws:elasticloadbalancing:us-east-1:705587906269:targetgroup/project-tg/ce2da5758da08393-20230204194114133400000007",
            "port": 80,
            "target_group_arn": "arn:aws:elasticloadbalancing:us-east-1:705587906269:targetgroup/project-tg/ce2da5758da08393",
            "target_id": "i-07ad64bf5ad3408ae"
          },
          "sensitive_attributes": [],
          "private": "bnVsbA==",
          "dependencies": [
            "aws_instance.main",
            "aws_lb_target_group.main",
            "aws_security_group.alb_sg",
            "aws_security_group.instance_sg",
            "aws_subnet.subnets",
            "aws_vpc.main"
          ]
        },
        {
          "index_key": "subnet_02",
          "schema_version": 0,
          "attributes": {
            "availability_zone": null,
            "id": "arn:aws:elasticloadbalancing:us-east-1:705587906269:targetgroup/project-tg/ce2da5758da08393-20230204194113559300000005",
            "port": 80,
            "target_group_arn": "arn:aws:elasticloadbalancing:us-east-1:705587906269:targetgroup/project-tg/ce2da5758da08393",
            "target_id": "i-0bac30d46dc519ab8"
          },
          "sensitive_attributes": [],
          "private": "bnVsbA==",
          "dependencies": [
            "aws_instance.main",
            "aws_lb_target_group.main",
            "aws_security_group.alb_sg",
            "aws_security_group.instance_sg",
            "aws_subnet.subnets",
            "aws_vpc.main"
          ]
        },
        {
          "index_key": "subnet_03",
          "schema_version": 0,
          "attributes": {
            "availability_zone": null,
            "id": "arn:aws:elasticloadbalancing:us-east-1:705587906269:targetgroup/project-tg/ce2da5758da08393-20230204194113879200000006",
            "port": 80,
            "target_group_arn": "arn:aws:elasticloadbalancing:us-east-1:705587906269:targetgroup/project-tg/ce2da5758da08393",
            "target_id": "i-094217b6b3cb09af2"
          },
          "sensitive_attributes": [],
          "private": "bnVsbA==",
          "dependencies": [
            "aws_instance.main",
            "aws_lb_target_group.main",
            "aws_security_group.alb_sg",
            "aws_security_group.instance_sg",
            "aws_subnet.subnets",
            "aws_vpc.main"
          ]
        }
      ]
    },
    {
      "mode": "managed",
      "type": "aws_route53_record",
      "name": "subdomain_a_record",
      "provider": "provider[\"registry.terraform.io/hashicorp/aws\"]",
      "instances": [
        {
          "schema_version": 2,
          "attributes": {
            "alias": [
              {
                "evaluate_target_health": true,
                "name": "project-alb-1056534814.us-east-1.elb.amazonaws.com",
                "zone_id": "Z35SXDOTRQ7X7K"
              }
            ],
            "allow_overwrite": null,
            "failover_routing_policy": [],
            "fqdn": "www.ololade-terraform.live.ololade-tettaform.live",
            "geolocation_routing_policy": [],
            "health_check_id": null,
            "id": "Z0334344IDYSJGFYPU3Z_www.ololade-terraform.live_A",
            "latency_routing_policy": [],
            "multivalue_answer_routing_policy": null,
            "name": "www.ololade-terraform.live",
            "records": null,
            "set_identifier": null,
            "ttl": null,
            "type": "A",
            "weighted_routing_policy": [],
            "zone_id": "Z0334344IDYSJGFYPU3Z"
          },
          "sensitive_attributes": [],
          "private": "eyJzY2hlbWFfdmVyc2lvbiI6IjIifQ==",
          "dependencies": [
            "aws_lb.main",
            "aws_route53_zone.main"
          ]
        }
      ]
    },
    {
      "mode": "managed",
      "type": "aws_route53_zone",
      "name": "main",
      "provider": "provider[\"registry.terraform.io/hashicorp/aws\"]",
      "instances": [
        {
          "schema_version": 0,
          "attributes": {
            "arn": "arn:aws:route53:::hostedzone/Z0334344IDYSJGFYPU3Z",
            "comment": "Managed by Terraform",
            "delegation_set_id": "",
            "force_destroy": false,
            "id": "Z0334344IDYSJGFYPU3Z",
            "name": "ololade-tettaform.live",
            "name_servers": [
              "ns-1090.awsdns-08.org",
              "ns-1993.awsdns-57.co.uk",
              "ns-849.awsdns-42.net",
              "ns-99.awsdns-12.com"
            ],
            "primary_name_server": "ns-849.awsdns-42.net",
            "tags": null,
            "tags_all": {},
            "vpc": [],
            "zone_id": "Z0334344IDYSJGFYPU3Z"
          },
          "sensitive_attributes": [],
          "private": "bnVsbA=="
        }
      ]
    },
    {
      "mode": "managed",
      "type": "aws_route_table",
      "name": "main",
      "provider": "provider[\"registry.terraform.io/hashicorp/aws\"]",
      "instances": [
        {
          "schema_version": 0,
          "attributes": {
            "arn": "arn:aws:ec2:us-east-1:705587906269:route-table/rtb-07951615f232a01d2",
            "id": "rtb-07951615f232a01d2",
            "owner_id": "705587906269",
            "propagating_vgws": [],
            "route": [
              {
                "carrier_gateway_id": "",
                "cidr_block": "0.0.0.0/0",
                "core_network_arn": "",
                "destination_prefix_list_id": "",
                "egress_only_gateway_id": "",
                "gateway_id": "igw-0d8391ec41c1f7cb1",
                "instance_id": "",
                "ipv6_cidr_block": "",
                "local_gateway_id": "",
                "nat_gateway_id": "",
                "network_interface_id": "",
                "transit_gateway_id": "",
                "vpc_endpoint_id": "",
                "vpc_peering_connection_id": ""
              }
            ],
            "tags": {
              "Name": "project_rtb"
            },
            "tags_all": {
              "Name": "project_rtb"
            },
            "timeouts": null,
            "vpc_id": "vpc-01d458c189c911610"
          },
          "sensitive_attributes": [],
          "private": "eyJlMmJmYjczMC1lY2FhLTExZTYtOGY4OC0zNDM2M2JjN2M0YzAiOnsiY3JlYXRlIjozMDAwMDAwMDAwMDAsImRlbGV0ZSI6MzAwMDAwMDAwMDAwLCJ1cGRhdGUiOjEyMDAwMDAwMDAwMH19",
          "dependencies": [
            "aws_internet_gateway.main",
            "aws_vpc.main"
          ]
        }
      ]
    },
    {
      "mode": "managed",
      "type": "aws_route_table_association",
      "name": "main",
      "provider": "provider[\"registry.terraform.io/hashicorp/aws\"]",
      "instances": [
        {
          "index_key": "subnet_01",
          "schema_version": 0,
          "attributes": {
            "gateway_id": "",
            "id": "rtbassoc-05789d23c3c8f5f1b",
            "route_table_id": "rtb-07951615f232a01d2",
            "subnet_id": "subnet-06ac195ddb627e2ae"
          },
          "sensitive_attributes": [],
          "private": "bnVsbA==",
          "dependencies": [
            "aws_internet_gateway.main",
            "aws_route_table.main",
            "aws_subnet.subnets",
            "aws_vpc.main"
          ]
        },
        {
          "index_key": "subnet_02",
          "schema_version": 0,
          "attributes": {
            "gateway_id": "",
            "id": "rtbassoc-0abd2dff803759046",
            "route_table_id": "rtb-07951615f232a01d2",
            "subnet_id": "subnet-0b83333167228b956"
          },
          "sensitive_attributes": [],
          "private": "bnVsbA==",
          "dependencies": [
            "aws_internet_gateway.main",
            "aws_route_table.main",
            "aws_subnet.subnets",
            "aws_vpc.main"
          ]
        },
        {
          "index_key": "subnet_03",
          "schema_version": 0,
          "attributes": {
            "gateway_id": "",
            "id": "rtbassoc-06aa625d7ed3a5d5b",
            "route_table_id": "rtb-07951615f232a01d2",
            "subnet_id": "subnet-0bb2229282ad946b2"
          },
          "sensitive_attributes": [],
          "private": "bnVsbA==",
          "dependencies": [
            "aws_internet_gateway.main",
            "aws_route_table.main",
            "aws_subnet.subnets",
            "aws_vpc.main"
          ]
        }
      ]
    },
    {
      "mode": "managed",
      "type": "aws_security_group",
      "name": "alb_sg",
      "provider": "provider[\"registry.terraform.io/hashicorp/aws\"]",
      "instances": [
        {
          "schema_version": 1,
          "attributes": {
            "arn": "arn:aws:ec2:us-east-1:705587906269:security-group/sg-071b5bfd6458e10e6",
            "description": "Allow HTTPS and HTTP inbound traffic for application load balancer",
            "egress": [
              {
                "cidr_blocks": [
                  "0.0.0.0/0"
                ],
                "description": "",
                "from_port": 0,
                "ipv6_cidr_blocks": [],
                "prefix_list_ids": [],
                "protocol": "-1",
                "security_groups": [],
                "self": false,
                "to_port": 0
              }
            ],
            "id": "sg-071b5bfd6458e10e6",
            "ingress": [
              {
                "cidr_blocks": [
                  "0.0.0.0/0"
                ],
                "description": "",
                "from_port": 443,
                "ipv6_cidr_blocks": [],
                "prefix_list_ids": [],
                "protocol": "tcp",
                "security_groups": [],
                "self": false,
                "to_port": 443
              },
              {
                "cidr_blocks": [
                  "0.0.0.0/0"
                ],
                "description": "",
                "from_port": 80,
                "ipv6_cidr_blocks": [],
                "prefix_list_ids": [],
                "protocol": "tcp",
                "security_groups": [],
                "self": false,
                "to_port": 80
              }
            ],
            "name": "project_alb_sg",
            "name_prefix": "",
            "owner_id": "705587906269",
            "revoke_rules_on_delete": false,
            "tags": {},
            "tags_all": {},
            "timeouts": null,
            "vpc_id": "vpc-01d458c189c911610"
          },
          "sensitive_attributes": [],
          "private": "eyJlMmJmYjczMC1lY2FhLTExZTYtOGY4OC0zNDM2M2JjN2M0YzAiOnsiY3JlYXRlIjo2MDAwMDAwMDAwMDAsImRlbGV0ZSI6OTAwMDAwMDAwMDAwfSwic2NoZW1hX3ZlcnNpb24iOiIxIn0=",
          "dependencies": [
            "aws_vpc.main"
          ]
        }
      ]
    },
    {
      "mode": "managed",
      "type": "aws_security_group",
      "name": "instance_sg",
      "provider": "provider[\"registry.terraform.io/hashicorp/aws\"]",
      "instances": [
        {
          "schema_version": 1,
          "attributes": {
            "arn": "arn:aws:ec2:us-east-1:705587906269:security-group/sg-0481ff0a0c2bae332",
            "description": "Allow HTTPS and HTTP inbound traffic for the instances",
            "egress": [
              {
                "cidr_blocks": [
                  "0.0.0.0/0"
                ],
                "description": "",
                "from_port": 0,
                "ipv6_cidr_blocks": [],
                "prefix_list_ids": [],
                "protocol": "-1",
                "security_groups": [],
                "self": false,
                "to_port": 0
              }
            ],
            "id": "sg-0481ff0a0c2bae332",
            "ingress": [
              {
                "cidr_blocks": [
                  "0.0.0.0/0"
                ],
                "description": "Allow SSH",
                "from_port": 22,
                "ipv6_cidr_blocks": [],
                "prefix_list_ids": [],
                "protocol": "tcp",
                "security_groups": [],
                "self": false,
                "to_port": 22
              },
              {
                "cidr_blocks": [],
                "description": "",
                "from_port": 443,
                "ipv6_cidr_blocks": [],
                "prefix_list_ids": [],
                "protocol": "tcp",
                "security_groups": [
                  "sg-071b5bfd6458e10e6"
                ],
                "self": false,
                "to_port": 443
              },
              {
                "cidr_blocks": [],
                "description": "",
                "from_port": 80,
                "ipv6_cidr_blocks": [],
                "prefix_list_ids": [],
                "protocol": "tcp",
                "security_groups": [
                  "sg-071b5bfd6458e10e6"
                ],
                "self": false,
                "to_port": 80
              }
            ],
            "name": "project_instances_sg",
            "name_prefix": "",
            "owner_id": "705587906269",
            "revoke_rules_on_delete": false,
            "tags": {},
            "tags_all": {},
            "timeouts": null,
            "vpc_id": "vpc-01d458c189c911610"
          },
          "sensitive_attributes": [],
          "private": "eyJlMmJmYjczMC1lY2FhLTExZTYtOGY4OC0zNDM2M2JjN2M0YzAiOnsiY3JlYXRlIjo2MDAwMDAwMDAwMDAsImRlbGV0ZSI6OTAwMDAwMDAwMDAwfSwic2NoZW1hX3ZlcnNpb24iOiIxIn0=",
          "dependencies": [
            "aws_security_group.alb_sg",
            "aws_vpc.main"
          ]
        }
      ]
    },
    {
      "mode": "managed",
      "type": "aws_subnet",
      "name": "subnets",
      "provider": "provider[\"registry.terraform.io/hashicorp/aws\"]",
      "instances": [
        {
          "index_key": "subnet_01",
          "schema_version": 1,
          "attributes": {
            "arn": "arn:aws:ec2:us-east-1:705587906269:subnet/subnet-06ac195ddb627e2ae",
            "assign_ipv6_address_on_creation": false,
            "availability_zone": "us-east-1a",
            "availability_zone_id": "use1-az4",
            "cidr_block": "172.17.1.0/24",
            "customer_owned_ipv4_pool": "",
            "enable_dns64": false,
            "enable_resource_name_dns_a_record_on_launch": false,
            "enable_resource_name_dns_aaaa_record_on_launch": false,
            "id": "subnet-06ac195ddb627e2ae",
            "ipv6_cidr_block": "",
            "ipv6_cidr_block_association_id": "",
            "ipv6_native": false,
            "map_customer_owned_ip_on_launch": false,
            "map_public_ip_on_launch": false,
            "outpost_arn": "",
            "owner_id": "705587906269",
            "private_dns_hostname_type_on_launch": "ip-name",
            "tags": {
              "Name": "subnet_01"
            },
            "tags_all": {
              "Name": "subnet_01"
            },
            "timeouts": null,
            "vpc_id": "vpc-01d458c189c911610"
          },
          "sensitive_attributes": [],
          "private": "eyJlMmJmYjczMC1lY2FhLTExZTYtOGY4OC0zNDM2M2JjN2M0YzAiOnsiY3JlYXRlIjo2MDAwMDAwMDAwMDAsImRlbGV0ZSI6MTIwMDAwMDAwMDAwMH0sInNjaGVtYV92ZXJzaW9uIjoiMSJ9",
          "dependencies": [
            "aws_vpc.main"
          ]
        },
        {
          "index_key": "subnet_02",
          "schema_version": 1,
          "attributes": {
            "arn": "arn:aws:ec2:us-east-1:705587906269:subnet/subnet-0b83333167228b956",
            "assign_ipv6_address_on_creation": false,
            "availability_zone": "us-east-1b",
            "availability_zone_id": "use1-az6",
            "cidr_block": "172.17.2.0/24",
            "customer_owned_ipv4_pool": "",
            "enable_dns64": false,
            "enable_resource_name_dns_a_record_on_launch": false,
            "enable_resource_name_dns_aaaa_record_on_launch": false,
            "id": "subnet-0b83333167228b956",
            "ipv6_cidr_block": "",
            "ipv6_cidr_block_association_id": "",
            "ipv6_native": false,
            "map_customer_owned_ip_on_launch": false,
            "map_public_ip_on_launch": false,
            "outpost_arn": "",
            "owner_id": "705587906269",
            "private_dns_hostname_type_on_launch": "ip-name",
            "tags": {
              "Name": "subnet_02"
            },
            "tags_all": {
              "Name": "subnet_02"
            },
            "timeouts": null,
            "vpc_id": "vpc-01d458c189c911610"
          },
          "sensitive_attributes": [],
          "private": "eyJlMmJmYjczMC1lY2FhLTExZTYtOGY4OC0zNDM2M2JjN2M0YzAiOnsiY3JlYXRlIjo2MDAwMDAwMDAwMDAsImRlbGV0ZSI6MTIwMDAwMDAwMDAwMH0sInNjaGVtYV92ZXJzaW9uIjoiMSJ9",
          "dependencies": [
            "aws_vpc.main"
          ]
        },
        {
          "index_key": "subnet_03",
          "schema_version": 1,
          "attributes": {
            "arn": "arn:aws:ec2:us-east-1:705587906269:subnet/subnet-0bb2229282ad946b2",
            "assign_ipv6_address_on_creation": false,
            "availability_zone": "us-east-1c",
            "availability_zone_id": "use1-az1",
            "cidr_block": "172.17.3.0/24",
            "customer_owned_ipv4_pool": "",
            "enable_dns64": false,
            "enable_resource_name_dns_a_record_on_launch": false,
            "enable_resource_name_dns_aaaa_record_on_launch": false,
            "id": "subnet-0bb2229282ad946b2",
            "ipv6_cidr_block": "",
            "ipv6_cidr_block_association_id": "",
            "ipv6_native": false,
            "map_customer_owned_ip_on_launch": false,
            "map_public_ip_on_launch": false,
            "outpost_arn": "",
            "owner_id": "705587906269",
            "private_dns_hostname_type_on_launch": "ip-name",
            "tags": {
              "Name": "subnet_03"
            },
            "tags_all": {
              "Name": "subnet_03"
            },
            "timeouts": null,
            "vpc_id": "vpc-01d458c189c911610"
          },
          "sensitive_attributes": [],
          "private": "eyJlMmJmYjczMC1lY2FhLTExZTYtOGY4OC0zNDM2M2JjN2M0YzAiOnsiY3JlYXRlIjo2MDAwMDAwMDAwMDAsImRlbGV0ZSI6MTIwMDAwMDAwMDAwMH0sInNjaGVtYV92ZXJzaW9uIjoiMSJ9",
          "dependencies": [
            "aws_vpc.main"
          ]
        }
      ]
    },
    {
      "mode": "managed",
      "type": "aws_vpc",
      "name": "main",
      "provider": "provider[\"registry.terraform.io/hashicorp/aws\"]",
      "instances": [
        {
          "schema_version": 1,
          "attributes": {
            "arn": "arn:aws:ec2:us-east-1:705587906269:vpc/vpc-01d458c189c911610",
            "assign_generated_ipv6_cidr_block": false,
            "cidr_block": "172.17.0.0/16",
            "default_network_acl_id": "acl-0b4a8cf06be135447",
            "default_route_table_id": "rtb-02622c4e5fec82ae2",
            "default_security_group_id": "sg-0a96c29b743c250d6",
            "dhcp_options_id": "dopt-0a628f16e64f379af",
            "enable_classiclink": false,
            "enable_classiclink_dns_support": false,
            "enable_dns_hostnames": true,
            "enable_dns_support": true,
            "enable_network_address_usage_metrics": false,
            "id": "vpc-01d458c189c911610",
            "instance_tenancy": "default",
            "ipv4_ipam_pool_id": null,
            "ipv4_netmask_length": null,
            "ipv6_association_id": "",
            "ipv6_cidr_block": "",
            "ipv6_cidr_block_network_border_group": "",
            "ipv6_ipam_pool_id": "",
            "ipv6_netmask_length": 0,
            "main_route_table_id": "rtb-02622c4e5fec82ae2",
            "owner_id": "705587906269",
            "tags": {
              "Name": "project_vpc"
            },
            "tags_all": {
              "Name": "project_vpc"
            }
          },
          "sensitive_attributes": [],
          "private": "eyJzY2hlbWFfdmVyc2lvbiI6IjEifQ=="
        }
      ]
    },
    {
      "mode": "managed",
      "type": "local_file",
      "name": "ssh_key",
      "provider": "provider[\"registry.terraform.io/hashicorp/local\"]",
      "instances": [
        {
          "schema_version": 0,
          "attributes": {
            "content": "-----BEGIN RSA PRIVATE KEY-----\nMIIJJwIBAAKCAgEAvUORb6jXGyCYwFU4fwY7ESFDfPg8sHAVTSK7EjEKY8BcNcQj\n0jd9e9WH/CD2VmYG7p8ZQ/k9/00PYJ46ENa/DS3Yltkb0zB3L1h7fICP3KnWELwQ\npUyos4XFgWCQ1Gqj6nnEzVgf+E/DsT851SOpnk5eqWmMLHf4lyAjYShC68eqq02u\n6OaD4otrH9904/4S3jmPVjDdYJzztbDkiQRodBSkh+E7mbKj+GfDMmOTvG6DiYjw\nz8z6qY85MkkMima6cPUTiVMQLk44FEcLFFy5TPYgKPwlI0P7FkmqBzuK9NWZt/dW\nIydzf4oXVRS2tPVmAdfHautg3C4dHknYyEDIx5ilUmCx3lssP64WhmP/JeaYJn3v\nnpvgts0HWDK0WbGJWIsp7q1N2E5SjZDTUCuv0x20JH0T4GlhmSwAUwStR/JTM0EG\nS8QQzZgH0bvXBi/vfPAzUeds7cCIinDxFL4vW5H10OD4YX3Kqo/y5cIJ8OJZdRmV\nk3VIT8HyowpS6oeq8qgwS9EXrh8mM7bQUf8pwrdb3d3Lm0ryG6RxPPXvE3KZRupj\nSRnBGZB5Be5yb2zrWs4r4nSp51+loy2owl4uUvXDA0SoNuBwMYvtAClax/qGc4po\nEe50Mp0/99tYo03bX5tmPp83sW8L0C952sljgTYmSmlEBv2kqVrdN/0KaLkCAwEA\nAQKCAgA4hNwCn0YVaMeU8B4d+Mtc0zUnNa5R9ja2QT/iL9jtbv1aZQdZeI61k0+3\noFRP+snpKoPOA7la6zVDYhzu+GI3WlCKw60GhTuiXOcLiAzuFZ3Cg5bo9hqO+czA\nVQkLFgl7NP/rXny1l4RWAw6PMsYtazPjnYxpny4SW1uVYQOTC55Q57LrBCOwXHgS\nHZX3m+EgkcnXMGJ7voMc6AVnUXSr7Zowpbc5r9o9jScCfjAZHluTj9xyAcF9LzMi\nbCQdlI3qu5Uo9jAn0931WD3bx9DiRcHW221vuZZa0oa/AC3/7WWpRWhouRhJpwBO\nvQ/OvFXJCRoZOM9FEVRKvjzJmGcchzGB8924jCIsCYIWMDuHeo0p3GPAwdWXhEsX\nmXNJMsTYG3yCHWK/xbJcxhEw7VTbG5+GbOG2DQWbLiw8GWGjwPZ5Bke9MZYBVKuw\nI3bv1jdnEoqZsu8o80Uo+zBbGf40e9qvX4oqthLztSps9Pb0imYutIwWU3jYq/Tk\ncY6ugcFuBsKyGHEj0tr7UE88JfXFS//FZYP0kP8fO3nsJCiDLhZ0kTCuSh1vahqK\ni+QbT2F47GGCMgCf5wknl9DY7RRL0sCsRyPW9FR3XVU5qDOqc4STXFPWvWtvgyhx\nMNBDpzwVChH8bS+B0Nz/O08XCaguLgb+8yAHYOSNIsdVwLqPnQKCAQEAwD18KAtj\nh7nn4v/GrHDqGfb8Nxk9Zd8HkOLY6YPDNtrJe8PL+SLOkcmTrGnfv/nv8LBb8GIq\n6lUgGZBi1tA0Ru1vRimmbem00q/1eL0s7vn8rZA3DMMGzlwejAf7ALXB4bnaGM7O\ntxWDjzZFe3giG60mVCp/3wpY0BUyxqJwwRjRfHNstQ4JmL/Gnd+620HS6u5dsf+3\nyi4Ma/DIv388eDr6eNfK9nQFxRJBOeoTslAkpsuNUtVBk6K3wsxw2eQU1MRvyujf\nV/mdai+4R9z/sSQYrFBj9qwJqQ4gDn9QJKy3D842JuzspDrtmIs+oRDOC4q/h/Et\nzYp7XJ1AwJ2g1wKCAQEA/AlhSgMz3aCD4QlVCmy87gQP33Qd00G48TWENc5OEH5A\n/a4IGWngBERmzv/aUHQSwbg3XOi2tAQ3aRCDBtj+cefJYqwmYqEFnLBC7fi5hKyL\n/os+JtIWUXbOs0dG48VbWHlz67wIhkA9sjZdi+kt62guxDsL2VSAJkjZ26hqzkav\nA5+PUPIODyWixrv5bNgoficVLmhvnBUJz4PYycSY9INVkLnKrM7HBH+tqia1jADH\nO4BsvGSj0Cg+S93xnGUFGNAFmydYKKEe5KiPsAeJ2cRr8GBkw/5ajDRm9robxWuO\n1wd8d1njzSxDyZASdimnt9zJ6fUDytivUQfbMMDA7wKCAQBU7BRnwDg0ogxs+96x\nGKRh2firAmxcDz1RZNS7u2hGWDo/gUwe/6BPSMQCmzaroOa85buHomYg5H/sqxru\nmEUvu/22+fk6fs5RcEe5EaDC5Q4ZQib/bTwZdxpLc88PDjva0nYlFV6+BDP81NW2\n6Gfw3/mZnrikN/bp3SN0GhhDRQpttrOj+9KDdtxvq4DpENfyzl/3nOZ82wDDwjd8\nWOHGnw88yN8xJinSV/EWe3A+CidWw37nw6tXY79Xv2Zu6tHE+A4Gjf7z5yIB4Zi/\nrkIJ5886d7zhIDiYRNQmc1ldCitIQSks4uba2elRxNli34CWGrHnhMReEznRvOn4\n7Ok7AoIBAAMfaqEsIPxh/MBRCUizyDN6wWeXXLc9XTk/3H9+KuFxbwS1n0wRT8E9\nx7hQ2zeb+I+F5Mm16G2aj8Uxey4eiiiHIquiTmdyb0tds7aXGlVWffWNbBu3BqfD\nvRPjkjFIRLV368PD9KcVLK6Elewh23vLMqkjwiXTMjNHO8vI7mnX3ltBItlx5lKx\nuK6VraV3mCjX+x80FA3vBMwZaho14V9GMU01wBkcBsM7gb9V83HkoJNQKAi9hnoR\nxZPTECdL6SBBk5A0kJcQR/21SPJ5ZW/ZSy0TRKxY/m42SABOlgGAL6jiYtxntLba\nEYzxyAjGw1k31xia/I0K2kE6w7B68ukCggEAde/fIM+1cIOTrWaR8z/Oz6i5cuxb\n/jRWUOktwG7mG79lc6saX+4AiiBZX9m8E9ghSy6p/ti0Rk1MjH3tSvxh8Raxwcji\nOdAopzZ4I5tOMJK9y4zCMKcCR1acmIQb5aIjUGU4BM8mY6GDvJi0M4x0ylzKKKJt\nj8HMjCEq1ACmpL7AG3gqAo+Tyi1MmmDXB7lo+PWCcqZFRYpQ9rc73Yv9s6b2/jhd\nx1fi6kFeCMTHWBVXYliHtLbZSiVfDlPa19pKHlUiVgawvBA0/iPieKfFbNJ9NHb3\ntfIwlNaEQ6xLy3uMTh1wDP0enQD+zLFZo/S18BZM1PBsCpQ50wG8WRpH3w==\n-----END RSA PRIVATE KEY-----\n",
            "content_base64": null,
            "directory_permission": "0777",
            "file_permission": "0400",
            "filename": "project-key.pem",
            "id": "7b91a91350daf06ecf998dde47fa420b85bb17a3",
            "sensitive_content": null,
            "source": null
          },
          "sensitive_attributes": [
            [
              {
                "type": "get_attr",
                "value": "content"
              }
            ]
          ],
          "dependencies": [
            "tls_private_key.main"
          ]
        }
      ]
    },
    {
      "mode": "managed",
      "type": "null_resource",
      "name": "ansible-playbook",
      "provider": "provider[\"registry.terraform.io/hashicorp/null\"]",
      "instances": [
        {
          "schema_version": 0,
          "attributes": {
            "id": "6351217419062666785",
            "triggers": null
          },
          "sensitive_attributes": [],
          "dependencies": [
            "aws_instance.main",
            "aws_security_group.alb_sg",
            "aws_security_group.instance_sg",
            "aws_subnet.subnets",
            "aws_vpc.main"
          ]
        }
      ]
    },
    {
      "mode": "managed",
      "type": "tls_private_key",
      "name": "main",
      "provider": "provider[\"registry.terraform.io/hashicorp/tls\"]",
      "instances": [
        {
          "schema_version": 1,
          "attributes": {
            "algorithm": "RSA",
            "ecdsa_curve": "P224",
            "id": "ecfa4a84d459b3a2723c9496faeb396b5ead6250",
            "private_key_openssh": "-----BEGIN OPENSSH PRIVATE KEY-----\nb3BlbnNzaC1rZXktdjEAAAAABG5vbmUAAAAEbm9uZQAAAAAAAAABAAACFwAAAAdz\nc2gtcnNhAAAAAwEAAQAAAgEAvUORb6jXGyCYwFU4fwY7ESFDfPg8sHAVTSK7EjEK\nY8BcNcQj0jd9e9WH/CD2VmYG7p8ZQ/k9/00PYJ46ENa/DS3Yltkb0zB3L1h7fICP\n3KnWELwQpUyos4XFgWCQ1Gqj6nnEzVgf+E/DsT851SOpnk5eqWmMLHf4lyAjYShC\n68eqq02u6OaD4otrH9904/4S3jmPVjDdYJzztbDkiQRodBSkh+E7mbKj+GfDMmOT\nvG6DiYjwz8z6qY85MkkMima6cPUTiVMQLk44FEcLFFy5TPYgKPwlI0P7FkmqBzuK\n9NWZt/dWIydzf4oXVRS2tPVmAdfHautg3C4dHknYyEDIx5ilUmCx3lssP64WhmP/\nJeaYJn3vnpvgts0HWDK0WbGJWIsp7q1N2E5SjZDTUCuv0x20JH0T4GlhmSwAUwSt\nR/JTM0EGS8QQzZgH0bvXBi/vfPAzUeds7cCIinDxFL4vW5H10OD4YX3Kqo/y5cIJ\n8OJZdRmVk3VIT8HyowpS6oeq8qgwS9EXrh8mM7bQUf8pwrdb3d3Lm0ryG6RxPPXv\nE3KZRupjSRnBGZB5Be5yb2zrWs4r4nSp51+loy2owl4uUvXDA0SoNuBwMYvtACla\nx/qGc4poEe50Mp0/99tYo03bX5tmPp83sW8L0C952sljgTYmSmlEBv2kqVrdN/0K\naLkAAAc42chqNNnIajQAAAAHc3NoLXJzYQAAAgEAvUORb6jXGyCYwFU4fwY7ESFD\nfPg8sHAVTSK7EjEKY8BcNcQj0jd9e9WH/CD2VmYG7p8ZQ/k9/00PYJ46ENa/DS3Y\nltkb0zB3L1h7fICP3KnWELwQpUyos4XFgWCQ1Gqj6nnEzVgf+E/DsT851SOpnk5e\nqWmMLHf4lyAjYShC68eqq02u6OaD4otrH9904/4S3jmPVjDdYJzztbDkiQRodBSk\nh+E7mbKj+GfDMmOTvG6DiYjwz8z6qY85MkkMima6cPUTiVMQLk44FEcLFFy5TPYg\nKPwlI0P7FkmqBzuK9NWZt/dWIydzf4oXVRS2tPVmAdfHautg3C4dHknYyEDIx5il\nUmCx3lssP64WhmP/JeaYJn3vnpvgts0HWDK0WbGJWIsp7q1N2E5SjZDTUCuv0x20\nJH0T4GlhmSwAUwStR/JTM0EGS8QQzZgH0bvXBi/vfPAzUeds7cCIinDxFL4vW5H1\n0OD4YX3Kqo/y5cIJ8OJZdRmVk3VIT8HyowpS6oeq8qgwS9EXrh8mM7bQUf8pwrdb\n3d3Lm0ryG6RxPPXvE3KZRupjSRnBGZB5Be5yb2zrWs4r4nSp51+loy2owl4uUvXD\nA0SoNuBwMYvtAClax/qGc4poEe50Mp0/99tYo03bX5tmPp83sW8L0C952sljgTYm\nSmlEBv2kqVrdN/0KaLkAAAADAQABAAACADiE3AKfRhVox5TwHh34y1zTNSc1rlH2\nNrZBP+Iv2O1u/VplB1l4jrWTT7egVE/6yekqg84DuVrrNUNiHO74YjdaUIrDrQaF\nO6Jc5wuIDO4VncKDluj2Go75zMBVCQsWCXs0/+tefLWXhFYDDo8yxi1rM+OdjGmf\nLhJbW5VhA5MLnlDnsusEI7BceBIdlfeb4SCRydcwYnu+gxzoBWdRdKvtmjCltzmv\n2j2NJwJ+MBkeW5OP3HIBwX0vMyJsJB2Ujeq7lSj2MCfT3fVYPdvH0OJFwdbbbW+5\nllrShr8ALf/tZalFaGi5GEmnAE69D868VckJGhk4z0URVEq+PMmYZxyHMYHz3biM\nIiwJghYwO4d6jSncY8DB1ZeESxeZc0kyxNgbfIIdYr/FslzGETDtVNsbn4Zs4bYN\nBZsuLDwZYaPA9nkGR70xlgFUq7Ajdu/WN2cSipmy7yjzRSj7MFsZ/jR72q9fiiq2\nEvO1Kmz09vSKZi60jBZTeNir9ORxjq6BwW4GwrIYcSPS2vtQTzwl9cVL/8Vlg/SQ\n/x87eewkKIMuFnSRMK5KHW9qGoqL5BtPYXjsYYIyAJ/nCSeX0NjtFEvSwKxHI9b0\nVHddVTmoM6pzhJNcU9a9a2+DKHEw0EOnPBUKEfxtL4HQ3P87TxcJqC4uBv7zIAdg\n5I0ix1XAuo+dAAABAHXv3yDPtXCDk61mkfM/zs+ouXLsW/40VlDpLcBu5hu/ZXOr\nGl/uAIogWV/ZvBPYIUsuqf7YtEZNTIx97Ur8YfEWscHI4jnQKKc2eCObTjCSvcuM\nwjCnAkdWnJiEG+WiI1BlOATPJmOhg7yYtDOMdMpcyiiibY/BzIwhKtQApqS+wBt4\nKgKPk8otTJpg1we5aPj1gnKmRUWKUPa3O92L/bOm9v44XcdX4upBXgjEx1gVV2JY\nh7S22UolXw5T2tfaSh5VIlYGsLwQNP4j4ninxWzSfTR297XyMJTWhEOsS8t7jE4d\ncAz9Hp0A/syxWaP0tfAWTNTwbAqUOdMBvFkaR98AAAEBAMA9fCgLY4e55+L/xqxw\n6hn2/DcZPWXfB5Di2OmDwzbayXvDy/kizpHJk6xp37/57/CwW/BiKupVIBmQYtbQ\nNEbtb0Yppm3ptNKv9Xi9LO75/K2QNwzDBs5cHowH+wC1weG52hjOzrcVg482RXt4\nIhutJlQqf98KWNAVMsaicMEY0XxzbLUOCZi/xp3futtB0uruXbH/t8ouDGvwyL9/\nPHg6+njXyvZ0BcUSQTnqE7JQJKbLjVLVQZOit8LMcNnkFNTEb8ro31f5nWovuEfc\n/7EkGKxQY/asCakOIA5/UCSstw/ONibs7KQ67ZiLPqEQzguKv4fxLc2Ke1ydQMCd\noNcAAAEBAPwJYUoDM92gg+EJVQpsvO4ED990HdNBuPE1hDXOThB+QP2uCBlp4ARE\nZs7/2lB0EsG4N1zotrQEN2kQgwbY/nHnyWKsJmKhBZywQu34uYSsi/6LPibSFlF2\nzrNHRuPFW1h5c+u8CIZAPbI2XYvpLetoLsQ7C9lUgCZI2duoas5GrwOfj1DyDg8l\nosa7+WzYKH4nFS5ob5wVCc+D2MnEmPSDVZC5yqzOxwR/raomtYwAxzuAbLxko9Ao\nPkvd8ZxlBRjQBZsnWCihHuSoj7AHidnEa/BgZMP+Wow0Zva6G8VrjtcHfHdZ480s\nQ8mQEnYpp7fcyen1A8rYr1EH2zDAwO8AAAAAAQID\n-----END OPENSSH PRIVATE KEY-----\n",
            "private_key_pem": "-----BEGIN RSA PRIVATE KEY-----\nMIIJJwIBAAKCAgEAvUORb6jXGyCYwFU4fwY7ESFDfPg8sHAVTSK7EjEKY8BcNcQj\n0jd9e9WH/CD2VmYG7p8ZQ/k9/00PYJ46ENa/DS3Yltkb0zB3L1h7fICP3KnWELwQ\npUyos4XFgWCQ1Gqj6nnEzVgf+E/DsT851SOpnk5eqWmMLHf4lyAjYShC68eqq02u\n6OaD4otrH9904/4S3jmPVjDdYJzztbDkiQRodBSkh+E7mbKj+GfDMmOTvG6DiYjw\nz8z6qY85MkkMima6cPUTiVMQLk44FEcLFFy5TPYgKPwlI0P7FkmqBzuK9NWZt/dW\nIydzf4oXVRS2tPVmAdfHautg3C4dHknYyEDIx5ilUmCx3lssP64WhmP/JeaYJn3v\nnpvgts0HWDK0WbGJWIsp7q1N2E5SjZDTUCuv0x20JH0T4GlhmSwAUwStR/JTM0EG\nS8QQzZgH0bvXBi/vfPAzUeds7cCIinDxFL4vW5H10OD4YX3Kqo/y5cIJ8OJZdRmV\nk3VIT8HyowpS6oeq8qgwS9EXrh8mM7bQUf8pwrdb3d3Lm0ryG6RxPPXvE3KZRupj\nSRnBGZB5Be5yb2zrWs4r4nSp51+loy2owl4uUvXDA0SoNuBwMYvtAClax/qGc4po\nEe50Mp0/99tYo03bX5tmPp83sW8L0C952sljgTYmSmlEBv2kqVrdN/0KaLkCAwEA\nAQKCAgA4hNwCn0YVaMeU8B4d+Mtc0zUnNa5R9ja2QT/iL9jtbv1aZQdZeI61k0+3\noFRP+snpKoPOA7la6zVDYhzu+GI3WlCKw60GhTuiXOcLiAzuFZ3Cg5bo9hqO+czA\nVQkLFgl7NP/rXny1l4RWAw6PMsYtazPjnYxpny4SW1uVYQOTC55Q57LrBCOwXHgS\nHZX3m+EgkcnXMGJ7voMc6AVnUXSr7Zowpbc5r9o9jScCfjAZHluTj9xyAcF9LzMi\nbCQdlI3qu5Uo9jAn0931WD3bx9DiRcHW221vuZZa0oa/AC3/7WWpRWhouRhJpwBO\nvQ/OvFXJCRoZOM9FEVRKvjzJmGcchzGB8924jCIsCYIWMDuHeo0p3GPAwdWXhEsX\nmXNJMsTYG3yCHWK/xbJcxhEw7VTbG5+GbOG2DQWbLiw8GWGjwPZ5Bke9MZYBVKuw\nI3bv1jdnEoqZsu8o80Uo+zBbGf40e9qvX4oqthLztSps9Pb0imYutIwWU3jYq/Tk\ncY6ugcFuBsKyGHEj0tr7UE88JfXFS//FZYP0kP8fO3nsJCiDLhZ0kTCuSh1vahqK\ni+QbT2F47GGCMgCf5wknl9DY7RRL0sCsRyPW9FR3XVU5qDOqc4STXFPWvWtvgyhx\nMNBDpzwVChH8bS+B0Nz/O08XCaguLgb+8yAHYOSNIsdVwLqPnQKCAQEAwD18KAtj\nh7nn4v/GrHDqGfb8Nxk9Zd8HkOLY6YPDNtrJe8PL+SLOkcmTrGnfv/nv8LBb8GIq\n6lUgGZBi1tA0Ru1vRimmbem00q/1eL0s7vn8rZA3DMMGzlwejAf7ALXB4bnaGM7O\ntxWDjzZFe3giG60mVCp/3wpY0BUyxqJwwRjRfHNstQ4JmL/Gnd+620HS6u5dsf+3\nyi4Ma/DIv388eDr6eNfK9nQFxRJBOeoTslAkpsuNUtVBk6K3wsxw2eQU1MRvyujf\nV/mdai+4R9z/sSQYrFBj9qwJqQ4gDn9QJKy3D842JuzspDrtmIs+oRDOC4q/h/Et\nzYp7XJ1AwJ2g1wKCAQEA/AlhSgMz3aCD4QlVCmy87gQP33Qd00G48TWENc5OEH5A\n/a4IGWngBERmzv/aUHQSwbg3XOi2tAQ3aRCDBtj+cefJYqwmYqEFnLBC7fi5hKyL\n/os+JtIWUXbOs0dG48VbWHlz67wIhkA9sjZdi+kt62guxDsL2VSAJkjZ26hqzkav\nA5+PUPIODyWixrv5bNgoficVLmhvnBUJz4PYycSY9INVkLnKrM7HBH+tqia1jADH\nO4BsvGSj0Cg+S93xnGUFGNAFmydYKKEe5KiPsAeJ2cRr8GBkw/5ajDRm9robxWuO\n1wd8d1njzSxDyZASdimnt9zJ6fUDytivUQfbMMDA7wKCAQBU7BRnwDg0ogxs+96x\nGKRh2firAmxcDz1RZNS7u2hGWDo/gUwe/6BPSMQCmzaroOa85buHomYg5H/sqxru\nmEUvu/22+fk6fs5RcEe5EaDC5Q4ZQib/bTwZdxpLc88PDjva0nYlFV6+BDP81NW2\n6Gfw3/mZnrikN/bp3SN0GhhDRQpttrOj+9KDdtxvq4DpENfyzl/3nOZ82wDDwjd8\nWOHGnw88yN8xJinSV/EWe3A+CidWw37nw6tXY79Xv2Zu6tHE+A4Gjf7z5yIB4Zi/\nrkIJ5886d7zhIDiYRNQmc1ldCitIQSks4uba2elRxNli34CWGrHnhMReEznRvOn4\n7Ok7AoIBAAMfaqEsIPxh/MBRCUizyDN6wWeXXLc9XTk/3H9+KuFxbwS1n0wRT8E9\nx7hQ2zeb+I+F5Mm16G2aj8Uxey4eiiiHIquiTmdyb0tds7aXGlVWffWNbBu3BqfD\nvRPjkjFIRLV368PD9KcVLK6Elewh23vLMqkjwiXTMjNHO8vI7mnX3ltBItlx5lKx\nuK6VraV3mCjX+x80FA3vBMwZaho14V9GMU01wBkcBsM7gb9V83HkoJNQKAi9hnoR\nxZPTECdL6SBBk5A0kJcQR/21SPJ5ZW/ZSy0TRKxY/m42SABOlgGAL6jiYtxntLba\nEYzxyAjGw1k31xia/I0K2kE6w7B68ukCggEAde/fIM+1cIOTrWaR8z/Oz6i5cuxb\n/jRWUOktwG7mG79lc6saX+4AiiBZX9m8E9ghSy6p/ti0Rk1MjH3tSvxh8Raxwcji\nOdAopzZ4I5tOMJK9y4zCMKcCR1acmIQb5aIjUGU4BM8mY6GDvJi0M4x0ylzKKKJt\nj8HMjCEq1ACmpL7AG3gqAo+Tyi1MmmDXB7lo+PWCcqZFRYpQ9rc73Yv9s6b2/jhd\nx1fi6kFeCMTHWBVXYliHtLbZSiVfDlPa19pKHlUiVgawvBA0/iPieKfFbNJ9NHb3\ntfIwlNaEQ6xLy3uMTh1wDP0enQD+zLFZo/S18BZM1PBsCpQ50wG8WRpH3w==\n-----END RSA PRIVATE KEY-----\n",
            "private_key_pem_pkcs8": "-----BEGIN PRIVATE KEY-----\nMIIJQQIBADANBgkqhkiG9w0BAQEFAASCCSswggknAgEAAoICAQC9Q5FvqNcbIJjA\nVTh/BjsRIUN8+DywcBVNIrsSMQpjwFw1xCPSN3171Yf8IPZWZgbunxlD+T3/TQ9g\nnjoQ1r8NLdiW2RvTMHcvWHt8gI/cqdYQvBClTKizhcWBYJDUaqPqecTNWB/4T8Ox\nPznVI6meTl6paYwsd/iXICNhKELrx6qrTa7o5oPii2sf33Tj/hLeOY9WMN1gnPO1\nsOSJBGh0FKSH4TuZsqP4Z8MyY5O8boOJiPDPzPqpjzkySQyKZrpw9ROJUxAuTjgU\nRwsUXLlM9iAo/CUjQ/sWSaoHO4r01Zm391YjJ3N/ihdVFLa09WYB18dq62DcLh0e\nSdjIQMjHmKVSYLHeWyw/rhaGY/8l5pgmfe+em+C2zQdYMrRZsYlYiynurU3YTlKN\nkNNQK6/THbQkfRPgaWGZLABTBK1H8lMzQQZLxBDNmAfRu9cGL+988DNR52ztwIiK\ncPEUvi9bkfXQ4Phhfcqqj/Llwgnw4ll1GZWTdUhPwfKjClLqh6ryqDBL0ReuHyYz\nttBR/ynCt1vd3cubSvIbpHE89e8TcplG6mNJGcEZkHkF7nJvbOtazividKnnX6Wj\nLajCXi5S9cMDRKg24HAxi+0AKVrH+oZzimgR7nQynT/321ijTdtfm2Y+nzexbwvQ\nL3nayWOBNiZKaUQG/aSpWt03/QpouQIDAQABAoICADiE3AKfRhVox5TwHh34y1zT\nNSc1rlH2NrZBP+Iv2O1u/VplB1l4jrWTT7egVE/6yekqg84DuVrrNUNiHO74Yjda\nUIrDrQaFO6Jc5wuIDO4VncKDluj2Go75zMBVCQsWCXs0/+tefLWXhFYDDo8yxi1r\nM+OdjGmfLhJbW5VhA5MLnlDnsusEI7BceBIdlfeb4SCRydcwYnu+gxzoBWdRdKvt\nmjCltzmv2j2NJwJ+MBkeW5OP3HIBwX0vMyJsJB2Ujeq7lSj2MCfT3fVYPdvH0OJF\nwdbbbW+5llrShr8ALf/tZalFaGi5GEmnAE69D868VckJGhk4z0URVEq+PMmYZxyH\nMYHz3biMIiwJghYwO4d6jSncY8DB1ZeESxeZc0kyxNgbfIIdYr/FslzGETDtVNsb\nn4Zs4bYNBZsuLDwZYaPA9nkGR70xlgFUq7Ajdu/WN2cSipmy7yjzRSj7MFsZ/jR7\n2q9fiiq2EvO1Kmz09vSKZi60jBZTeNir9ORxjq6BwW4GwrIYcSPS2vtQTzwl9cVL\n/8Vlg/SQ/x87eewkKIMuFnSRMK5KHW9qGoqL5BtPYXjsYYIyAJ/nCSeX0NjtFEvS\nwKxHI9b0VHddVTmoM6pzhJNcU9a9a2+DKHEw0EOnPBUKEfxtL4HQ3P87TxcJqC4u\nBv7zIAdg5I0ix1XAuo+dAoIBAQDAPXwoC2OHuefi/8ascOoZ9vw3GT1l3weQ4tjp\ng8M22sl7w8v5Is6RyZOsad+/+e/wsFvwYirqVSAZkGLW0DRG7W9GKaZt6bTSr/V4\nvSzu+fytkDcMwwbOXB6MB/sAtcHhudoYzs63FYOPNkV7eCIbrSZUKn/fCljQFTLG\nonDBGNF8c2y1DgmYv8ad37rbQdLq7l2x/7fKLgxr8Mi/fzx4Ovp418r2dAXFEkE5\n6hOyUCSmy41S1UGTorfCzHDZ5BTUxG/K6N9X+Z1qL7hH3P+xJBisUGP2rAmpDiAO\nf1AkrLcPzjYm7OykOu2Yiz6hEM4Lir+H8S3NintcnUDAnaDXAoIBAQD8CWFKAzPd\noIPhCVUKbLzuBA/fdB3TQbjxNYQ1zk4QfkD9rggZaeAERGbO/9pQdBLBuDdc6La0\nBDdpEIMG2P5x58lirCZioQWcsELt+LmErIv+iz4m0hZRds6zR0bjxVtYeXPrvAiG\nQD2yNl2L6S3raC7EOwvZVIAmSNnbqGrORq8Dn49Q8g4PJaLGu/ls2Ch+JxUuaG+c\nFQnPg9jJxJj0g1WQucqszscEf62qJrWMAMc7gGy8ZKPQKD5L3fGcZQUY0AWbJ1go\noR7kqI+wB4nZxGvwYGTD/lqMNGb2uhvFa47XB3x3WePNLEPJkBJ2Kae33Mnp9QPK\n2K9RB9swwMDvAoIBAFTsFGfAODSiDGz73rEYpGHZ+KsCbFwPPVFk1Lu7aEZYOj+B\nTB7/oE9IxAKbNqug5rzlu4eiZiDkf+yrGu6YRS+7/bb5+Tp+zlFwR7kRoMLlDhlC\nJv9tPBl3Gktzzw8OO9rSdiUVXr4EM/zU1bboZ/Df+ZmeuKQ39undI3QaGENFCm22\ns6P70oN23G+rgOkQ1/LOX/ec5nzbAMPCN3xY4cafDzzI3zEmKdJX8RZ7cD4KJ1bD\nfufDq1djv1e/Zm7q0cT4DgaN/vPnIgHhmL+uQgnnzzp3vOEgOJhE1CZzWV0KK0hB\nKSzi5trZ6VHE2WLfgJYaseeExF4TOdG86fjs6TsCggEAAx9qoSwg/GH8wFEJSLPI\nM3rBZ5dctz1dOT/cf34q4XFvBLWfTBFPwT3HuFDbN5v4j4XkybXobZqPxTF7Lh6K\nKIciq6JOZ3JvS12ztpcaVVZ99Y1sG7cGp8O9E+OSMUhEtXfrw8P0pxUsroSV7CHb\ne8syqSPCJdMyM0c7y8juadfeW0Ei2XHmUrG4rpWtpXeYKNf7HzQUDe8EzBlqGjXh\nX0YxTTXAGRwGwzuBv1XzceSgk1AoCL2GehHFk9MQJ0vpIEGTkDSQlxBH/bVI8nll\nb9lLLRNErFj+bjZIAE6WAYAvqOJi3Ge0ttoRjPHICMbDWTfXGJr8jQraQTrDsHry\n6QKCAQB1798gz7Vwg5OtZpHzP87PqLly7Fv+NFZQ6S3AbuYbv2Vzqxpf7gCKIFlf\n2bwT2CFLLqn+2LRGTUyMfe1K/GHxFrHByOI50CinNngjm04wkr3LjMIwpwJHVpyY\nhBvloiNQZTgEzyZjoYO8mLQzjHTKXMooom2PwcyMISrUAKakvsAbeCoCj5PKLUya\nYNcHuWj49YJypkVFilD2tzvdi/2zpvb+OF3HV+LqQV4IxMdYFVdiWIe0ttlKJV8O\nU9rX2koeVSJWBrC8EDT+I+J4p8Vs0n00dve18jCU1oRDrEvLe4xOHXAM/R6dAP7M\nsVmj9LXwFkzU8GwKlDnTAbxZGkff\n-----END PRIVATE KEY-----\n",
            "public_key_fingerprint_md5": "4f:2c:b0:47:84:8d:52:ca:1a:29:d6:30:13:64:af:f6",
            "public_key_fingerprint_sha256": "SHA256:oIpzX+ropo6jYzqyojvNuI+UCRH7sIGFe4n9ItqhzZo",
            "public_key_openssh": "ssh-rsa AAAAB3NzaC1yc2EAAAADAQABAAACAQC9Q5FvqNcbIJjAVTh/BjsRIUN8+DywcBVNIrsSMQpjwFw1xCPSN3171Yf8IPZWZgbunxlD+T3/TQ9gnjoQ1r8NLdiW2RvTMHcvWHt8gI/cqdYQvBClTKizhcWBYJDUaqPqecTNWB/4T8OxPznVI6meTl6paYwsd/iXICNhKELrx6qrTa7o5oPii2sf33Tj/hLeOY9WMN1gnPO1sOSJBGh0FKSH4TuZsqP4Z8MyY5O8boOJiPDPzPqpjzkySQyKZrpw9ROJUxAuTjgURwsUXLlM9iAo/CUjQ/sWSaoHO4r01Zm391YjJ3N/ihdVFLa09WYB18dq62DcLh0eSdjIQMjHmKVSYLHeWyw/rhaGY/8l5pgmfe+em+C2zQdYMrRZsYlYiynurU3YTlKNkNNQK6/THbQkfRPgaWGZLABTBK1H8lMzQQZLxBDNmAfRu9cGL+988DNR52ztwIiKcPEUvi9bkfXQ4Phhfcqqj/Llwgnw4ll1GZWTdUhPwfKjClLqh6ryqDBL0ReuHyYzttBR/ynCt1vd3cubSvIbpHE89e8TcplG6mNJGcEZkHkF7nJvbOtazividKnnX6WjLajCXi5S9cMDRKg24HAxi+0AKVrH+oZzimgR7nQynT/321ijTdtfm2Y+nzexbwvQL3nayWOBNiZKaUQG/aSpWt03/QpouQ==\n",
            "public_key_pem": "-----BEGIN PUBLIC KEY-----\nMIICIjANBgkqhkiG9w0BAQEFAAOCAg8AMIICCgKCAgEAvUORb6jXGyCYwFU4fwY7\nESFDfPg8sHAVTSK7EjEKY8BcNcQj0jd9e9WH/CD2VmYG7p8ZQ/k9/00PYJ46ENa/\nDS3Yltkb0zB3L1h7fICP3KnWELwQpUyos4XFgWCQ1Gqj6nnEzVgf+E/DsT851SOp\nnk5eqWmMLHf4lyAjYShC68eqq02u6OaD4otrH9904/4S3jmPVjDdYJzztbDkiQRo\ndBSkh+E7mbKj+GfDMmOTvG6DiYjwz8z6qY85MkkMima6cPUTiVMQLk44FEcLFFy5\nTPYgKPwlI0P7FkmqBzuK9NWZt/dWIydzf4oXVRS2tPVmAdfHautg3C4dHknYyEDI\nx5ilUmCx3lssP64WhmP/JeaYJn3vnpvgts0HWDK0WbGJWIsp7q1N2E5SjZDTUCuv\n0x20JH0T4GlhmSwAUwStR/JTM0EGS8QQzZgH0bvXBi/vfPAzUeds7cCIinDxFL4v\nW5H10OD4YX3Kqo/y5cIJ8OJZdRmVk3VIT8HyowpS6oeq8qgwS9EXrh8mM7bQUf8p\nwrdb3d3Lm0ryG6RxPPXvE3KZRupjSRnBGZB5Be5yb2zrWs4r4nSp51+loy2owl4u\nUvXDA0SoNuBwMYvtAClax/qGc4poEe50Mp0/99tYo03bX5tmPp83sW8L0C952slj\ngTYmSmlEBv2kqVrdN/0KaLkCAwEAAQ==\n-----END PUBLIC KEY-----\n",
            "rsa_bits": 4096
          },
          "sensitive_attributes": []
        }
      ]
    }
  ],
  "check_results": null
}
